
Microsoft Visual Studio Solution File, Format Version 11.00
# Visual Studio 2010
Project("{FAE04EC0-301F-11D3-BF4B-00C04F79EFBC}") = "Mtec", "Assembly-CSharp.csproj", "{956B5B05-10AE-DB09-69F1-32222AE2EADD}"
EndProject
Global
	GlobalSection(SolutionConfigurationPlatforms) = preSolution
		Debug|Any CPU = Debug|Any CPU
		Release|Any CPU = Release|Any CPU
	EndGlobalSection
	GlobalSection(ProjectConfigurationPlatforms) = postSolution
		{956B5B05-10AE-DB09-69F1-32222AE2EADD}.Debug|Any CPU.ActiveCfg = Debug|Any CPU
		{956B5B05-10AE-DB09-69F1-32222AE2EADD}.Debug|Any CPU.Build.0 = Debug|Any CPU
		{956B5B05-10AE-DB09-69F1-32222AE2EADD}.Release|Any CPU.ActiveCfg = Release|Any CPU
		{956B5B05-10AE-DB09-69F1-32222AE2EADD}.Release|Any CPU.Build.0 = Release|Any CPU
	EndGlobalSection
	GlobalSection(SolutionProperties) = preSolution
		HideSolutionNode = FALSE
	EndGlobalSection
	GlobalSection(MonoDevelopProperties) = preSolution
		StartupItem = Assembly-CSharp.csproj
	EndGlobalSection
EndGlobal
